<?xml version="1.0" encoding="utf-8"?>
<Project ToolsVersion="4.0" xmlns="http://schemas.microsoft.com/developer/msbuild/2003">
  <ItemGroup>
    <Filter Include="Source Files">
      <UniqueIdentifier>{4FC737F1-C7A5-4376-A066-2A32D752A2FF}</UniqueIdentifier>
      <Extensions>cpp;c;cc;cxx;def;odl;idl;hpj;bat;asm;asmx</Extensions>
    </Filter>
    <Filter Include="Header Files">
      <UniqueIdentifier>{93995380-89BD-4b04-88EB-625FBE52EBFB}</UniqueIdentifier>
      <Extensions>h;hpp;hxx;hm;inl;inc;xsd</Extensions>
    </Filter>
    <Filter Include="Resource Files">
      <UniqueIdentifier>{67DA6AB6-F800-4c08-8B7A-83BB121AAD01}</UniqueIdentifier>
      <Extensions>rc;ico;cur;bmp;dlg;rc2;rct;bin;rgs;gif;jpg;jpeg;jpe;resx;tiff;tif;png;wav</Extensions>
    </Filter>
  </ItemGroup>
  <ItemGroup>
    <ClCompile Include="client\graphics\entities\C_Asteroid.cpp">
      <Filter>Source Files</Filter>
    </ClCompile>
    <ClCompile Include="client\graphics\entities\C_Entity.cpp">
      <Filter>Source Files</Filter>
    </ClCompile>
    <ClCompile Include="client\graphics\entities\C_Extractor.cpp">
      <Filter>Source Files</Filter>
    </ClCompile>
    <ClCompile Include="client\graphics\entities\C_Mothership.cpp">
      <Filter>Source Files</Filter>
    </ClCompile>
    <ClCompile Include="client\graphics\entities\C_Powerup.cpp">
      <Filter>Source Files</Filter>
    </ClCompile>
    <ClCompile Include="client\graphics\entities\C_Resource.cpp">
      <Filter>Source Files</Filter>
    </ClCompile>
    <ClCompile Include="client\graphics\entities\C_Ship.cpp">
      <Filter>Source Files</Filter>
    </ClCompile>
    <ClCompile Include="client\graphics\entities\C_TractorBeam.cpp">
      <Filter>Source Files</Filter>
    </ClCompile>
    <ClCompile Include="client\graphics\BurstPGroup.cpp">
      <Filter>Source Files</Filter>
    </ClCompile>
    <ClCompile Include="client\graphics\Camera.cpp">
      <Filter>Source Files</Filter>
    </ClCompile>
    <ClCompile Include="client\graphics\D3DWindow.cpp">
      <Filter>Source Files</Filter>
    </ClCompile>
    <ClCompile Include="client\graphics\EnginePGroup.cpp">
      <Filter>Source Files</Filter>
    </ClCompile>
    <ClCompile Include="client\graphics\EntityIdentifier.cpp">
      <Filter>Source Files</Filter>
    </ClCompile>
    <ClCompile Include="client\graphics\Main.cpp">
      <Filter>Source Files</Filter>
    </ClCompile>
    <ClCompile Include="client\graphics\Mesh.cpp">
      <Filter>Source Files</Filter>
    </ClCompile>
    <ClCompile Include="client\graphics\ParticleSystem.cpp">
      <Filter>Source Files</Filter>
    </ClCompile>
    <ClCompile Include="client\graphics\PowerupPGroup.cpp">
      <Filter>Source Files</Filter>
    </ClCompile>
    <ClCompile Include="client\graphics\Skybox.cpp">
      <Filter>Source Files</Filter>
    </ClCompile>
    <ClCompile Include="client\graphics\Sprite.cpp">
      <Filter>Source Files</Filter>
    </ClCompile>
    <ClCompile Include="client\graphics\TBeamPGroup.cpp">
      <Filter>Source Files</Filter>
    </ClCompile>
    <ClCompile Include="client\graphics\Util.cpp">
      <Filter>Source Files</Filter>
    </ClCompile>
    <ClCompile Include="client\network\NetworkClient.cpp">
      <Filter>Source Files</Filter>
    </ClCompile>
    <ClCompile Include="client\GameResources.cpp">
      <Filter>Source Files</Filter>
    </ClCompile>
    <ClCompile Include="client\Gbls.cpp">
      <Filter>Source Files</Filter>
    </ClCompile>
    <ClCompile Include="client\SoundManager.cpp">
      <Filter>Source Files</Filter>
    </ClCompile>
    <ClCompile Include="shared\game\Asteroid.cpp">
      <Filter>Source Files</Filter>
    </ClCompile>
    <ClCompile Include="shared\game\Entity.cpp">
      <Filter>Source Files</Filter>
    </ClCompile>
    <ClCompile Include="shared\game\Extractor.cpp">
      <Filter>Source Files</Filter>
    </ClCompile>
    <ClCompile Include="shared\game\Mothership.cpp">
      <Filter>Source Files</Filter>
    </ClCompile>
    <ClCompile Include="shared\game\Powerup.cpp">
      <Filter>Source Files</Filter>
    </ClCompile>
    <ClCompile Include="shared\game\Resource.cpp">
      <Filter>Source Files</Filter>
    </ClCompile>
    <ClCompile Include="shared\game\Ship.cpp">
      <Filter>Source Files</Filter>
    </ClCompile>
    <ClCompile Include="shared\game\TractorBeam.cpp">
      <Filter>Source Files</Filter>
    </ClCompile>
    <ClCompile Include="shared\network\minilzo.c">
      <Filter>Source Files</Filter>
    </ClCompile>
    <ClCompile Include="shared\network\Network.cpp">
      <Filter>Source Files</Filter>
    </ClCompile>
    <ClCompile Include="shared\network\Sendable.cpp">
      <Filter>Source Files</Filter>
    </ClCompile>
    <ClCompile Include="shared\CollisionGEvent.cpp">
      <Filter>Source Files</Filter>
    </ClCompile>
    <ClCompile Include="shared\ConfigSettings.cpp">
      <Filter>Source Files</Filter>
    </ClCompile>
    <ClCompile Include="shared\GameInput.cpp">
      <Filter>Source Files</Filter>
    </ClCompile>
    <ClCompile Include="shared\GEvent.cpp">
      <Filter>Source Files</Filter>
    </ClCompile>
    <ClCompile Include="shared\KeyboardController.cpp">
      <Filter>Source Files</Filter>
    </ClCompile>
    <ClCompile Include="shared\XBoxController.cpp">
      <Filter>Source Files</Filter>
    </ClCompile>
  </ItemGroup>
  <ItemGroup>
    <ClInclude Include="client\graphics\entities\C_Asteroid.h">
      <Filter>Header Files</Filter>
    </ClInclude>
    <ClInclude Include="client\graphics\entities\C_Entity.h">
      <Filter>Header Files</Filter>
    </ClInclude>
    <ClInclude Include="client\graphics\entities\C_Extractor.h">
      <Filter>Header Files</Filter>
    </ClInclude>
    <ClInclude Include="client\graphics\entities\C_Mothership.h">
      <Filter>Header Files</Filter>
    </ClInclude>
    <ClInclude Include="client\graphics\entities\C_Powerup.h">
      <Filter>Header Files</Filter>
    </ClInclude>
    <ClInclude Include="client\graphics\entities\C_Resource.h">
      <Filter>Header Files</Filter>
    </ClInclude>
    <ClInclude Include="client\graphics\entities\C_Ship.h">
      <Filter>Header Files</Filter>
    </ClInclude>
    <ClInclude Include="client\graphics\entities\C_TractorBeam.h">
      <Filter>Header Files</Filter>
    </ClInclude>
    <ClInclude Include="client\graphics\BurstPGroup.h">
      <Filter>Header Files</Filter>
    </ClInclude>
    <ClInclude Include="client\graphics\Camera.h">
      <Filter>Header Files</Filter>
    </ClInclude>
    <ClInclude Include="client\graphics\D3DWindow.h">
      <Filter>Header Files</Filter>
    </ClInclude>
    <ClInclude Include="client\graphics\EnginePGroup.h">
      <Filter>Header Files</Filter>
    </ClInclude>
    <ClInclude Include="client\graphics\EntityIdentifier.h">
      <Filter>Header Files</Filter>
    </ClInclude>
    <ClInclude Include="client\graphics\Mesh.h">
      <Filter>Header Files</Filter>
    </ClInclude>
    <ClInclude Include="client\graphics\Particle.h">
      <Filter>Header Files</Filter>
    </ClInclude>
    <ClInclude Include="client\graphics\ParticleGroup.h">
      <Filter>Header Files</Filter>
    </ClInclude>
    <ClInclude Include="client\graphics\ParticleSystem.h">
      <Filter>Header Files</Filter>
    </ClInclude>
    <ClInclude Include="client\graphics\PowerupPGroup.h">
      <Filter>Header Files</Filter>
    </ClInclude>
    <ClInclude Include="client\graphics\Skybox.h">
      <Filter>Header Files</Filter>
    </ClInclude>
    <ClInclude Include="client\graphics\Sprite.h">
      <Filter>Header Files</Filter>
    </ClInclude>
    <ClInclude Include="client\graphics\TBeamPGroup.h">
      <Filter>Header Files</Filter>
    </ClInclude>
    <ClInclude Include="client\graphics\Util.h">
      <Filter>Header Files</Filter>
    </ClInclude>
    <ClInclude Include="client\network\NetworkClient.h">
      <Filter>Header Files</Filter>
    </ClInclude>
    <ClInclude Include="client\GameResources.h">
      <Filter>Header Files</Filter>
    </ClInclude>
    <ClInclude Include="client\Gbls.h">
      <Filter>Header Files</Filter>
    </ClInclude>
    <ClInclude Include="client\SoundLoader.h">
      <Filter>Header Files</Filter>
    </ClInclude>
    <ClInclude Include="client\SoundManager.h">
      <Filter>Header Files</Filter>
    </ClInclude>
    <ClInclude Include="shared\game\Asteroid.h">
      <Filter>Header Files</Filter>
    </ClInclude>
    <ClInclude Include="shared\game\Entity.h">
      <Filter>Header Files</Filter>
    </ClInclude>
    <ClInclude Include="shared\game\Extractor.h">
      <Filter>Header Files</Filter>
    </ClInclude>
    <ClInclude Include="shared\game\GameState.h">
      <Filter>Header Files</Filter>
    </ClInclude>
    <ClInclude Include="shared\game\Mothership.h">
      <Filter>Header Files</Filter>
    </ClInclude>
    <ClInclude Include="shared\game\Powerup.h">
      <Filter>Header Files</Filter>
    </ClInclude>
    <ClInclude Include="shared\game\Resource.h">
      <Filter>Header Files</Filter>
    </ClInclude>
    <ClInclude Include="shared\game\Ship.h">
      <Filter>Header Files</Filter>
    </ClInclude>
    <ClInclude Include="shared\game\TractorBeam.h">
      <Filter>Header Files</Filter>
    </ClInclude>
    <ClInclude Include="shared\network\lzoconf.h">
      <Filter>Header Files</Filter>
    </ClInclude>
    <ClInclude Include="shared\network\lzodefs.h">
      <Filter>Header Files</Filter>
    </ClInclude>
    <ClInclude Include="shared\network\minilzo.h">
      <Filter>Header Files</Filter>
    </ClInclude>
    <ClInclude Include="shared\network\Network.h">
      <Filter>Header Files</Filter>
    </ClInclude>
    <ClInclude Include="shared\network\Sendable.h">
      <Filter>Header Files</Filter>
    </ClInclude>
    <ClInclude Include="shared\util\SharedUtils.h">
      <Filter>Header Files</Filter>
    </ClInclude>
    <ClInclude Include="shared\CollisionGEvent.h">
      <Filter>Header Files</Filter>
    </ClInclude>
    <ClInclude Include="shared\ConfigSettings.h">
      <Filter>Header Files</Filter>
    </ClInclude>
    <ClInclude Include="shared\Controller.h">
      <Filter>Header Files</Filter>
    </ClInclude>
    <ClInclude Include="shared\GameInput.h">
      <Filter>Header Files</Filter>
    </ClInclude>
    <ClInclude Include="shared\GEvent.h">
      <Filter>Header Files</Filter>
    </ClInclude>
    <ClInclude Include="shared\InputState.h">
      <Filter>Header Files</Filter>
    </ClInclude>
    <ClInclude Include="shared\KeyboardController.h">
      <Filter>Header Files</Filter>
    </ClInclude>
    <ClInclude Include="shared\XBoxController.h">
      <Filter>Header Files</Filter>
    </ClInclude>
  </ItemGroup>
</Project>