<?xml version="1.0" encoding="utf-8"?>
<Project ToolsVersion="4.0" xmlns="http://schemas.microsoft.com/developer/msbuild/2003">
  <ItemGroup>
    <Filter Include="Source Files">
      <UniqueIdentifier>{4FC737F1-C7A5-4376-A066-2A32D752A2FF}</UniqueIdentifier>
      <Extensions>cpp;c;cc;cxx;def;odl;idl;hpj;bat;asm;asmx</Extensions>
    </Filter>
    <Filter Include="Header Files">
      <UniqueIdentifier>{93995380-89BD-4b04-88EB-625FBE52EBFB}</UniqueIdentifier>
      <Extensions>h;hpp;hxx;hm;inl;inc;xsd</Extensions>
    </Filter>
    <Filter Include="Resource Files">
      <UniqueIdentifier>{67DA6AB6-F800-4c08-8B7A-83BB121AAD01}</UniqueIdentifier>
      <Extensions>rc;ico;cur;bmp;dlg;rc2;rct;bin;rgs;gif;jpg;jpeg;jpe;resx;tiff;tif;png;wav</Extensions>
    </Filter>
  </ItemGroup>
  <ItemGroup>
    <ClCompile Include="server\game\Boundary.cpp">
      <Filter>Source Files</Filter>
    </ClCompile>
    <ClCompile Include="server\game\Collision.cpp">
      <Filter>Source Files</Filter>
    </ClCompile>
    <ClCompile Include="server\game\Mine.cpp">
      <Filter>Source Files</Filter>
    </ClCompile>
    <ClCompile Include="server\game\MSCollision.cpp">
      <Filter>Source Files</Filter>
    </ClCompile>
    <ClCompile Include="server\game\PhysicsWorld.cpp">
      <Filter>Source Files</Filter>
    </ClCompile>
    <ClCompile Include="server\game\PowerupSource.cpp">
      <Filter>Source Files</Filter>
    </ClCompile>
    <ClCompile Include="server\game\PPCollision.cpp">
      <Filter>Source Files</Filter>
    </ClCompile>
    <ClCompile Include="server\game\RMCollision.cpp">
      <Filter>Source Files</Filter>
    </ClCompile>
    <ClCompile Include="server\game\RRCollision.cpp">
      <Filter>Source Files</Filter>
    </ClCompile>
    <ClCompile Include="server\game\S_Asteroid.cpp">
      <Filter>Source Files</Filter>
    </ClCompile>
    <ClCompile Include="server\game\S_Extractor.cpp">
      <Filter>Source Files</Filter>
    </ClCompile>
    <ClCompile Include="server\game\S_Mothership.cpp">
      <Filter>Source Files</Filter>
    </ClCompile>
    <ClCompile Include="server\game\S_Powerup.cpp">
      <Filter>Source Files</Filter>
    </ClCompile>
    <ClCompile Include="server\game\S_Resource.cpp">
      <Filter>Source Files</Filter>
    </ClCompile>
    <ClCompile Include="server\game\S_Ship.cpp">
      <Filter>Source Files</Filter>
    </ClCompile>
    <ClCompile Include="server\game\S_TractorBeam.cpp">
      <Filter>Source Files</Filter>
    </ClCompile>
    <ClCompile Include="server\game\SACollision.cpp">
      <Filter>Source Files</Filter>
    </ClCompile>
    <ClCompile Include="server\game\SECollision.cpp">
      <Filter>Source Files</Filter>
    </ClCompile>
    <ClCompile Include="server\game\ServerEntity.cpp">
      <Filter>Source Files</Filter>
    </ClCompile>
    <ClCompile Include="server\game\SPCollision.cpp">
      <Filter>Source Files</Filter>
    </ClCompile>
    <ClCompile Include="server\game\SRCollision.cpp">
      <Filter>Source Files</Filter>
    </ClCompile>
    <ClCompile Include="server\game\SSCollision.cpp">
      <Filter>Source Files</Filter>
    </ClCompile>
    <ClCompile Include="server\game\TCollision.cpp">
      <Filter>Source Files</Filter>
    </ClCompile>
    <ClCompile Include="server\network\NetworkServer.cpp">
      <Filter>Source Files</Filter>
    </ClCompile>
    <ClCompile Include="server\Globals.cpp">
      <Filter>Source Files</Filter>
    </ClCompile>
    <ClCompile Include="server\Main_server.cpp">
      <Filter>Source Files</Filter>
    </ClCompile>
    <ClCompile Include="server\Server.cpp">
      <Filter>Source Files</Filter>
    </ClCompile>
    <ClCompile Include="shared\game\Asteroid.cpp">
      <Filter>Source Files</Filter>
    </ClCompile>
    <ClCompile Include="shared\game\Entity.cpp">
      <Filter>Source Files</Filter>
    </ClCompile>
    <ClCompile Include="shared\game\Extractor.cpp">
      <Filter>Source Files</Filter>
    </ClCompile>
    <ClCompile Include="shared\game\Mothership.cpp">
      <Filter>Source Files</Filter>
    </ClCompile>
    <ClCompile Include="shared\game\Powerup.cpp">
      <Filter>Source Files</Filter>
    </ClCompile>
    <ClCompile Include="shared\game\Resource.cpp">
      <Filter>Source Files</Filter>
    </ClCompile>
    <ClCompile Include="shared\game\Ship.cpp">
      <Filter>Source Files</Filter>
    </ClCompile>
    <ClCompile Include="shared\game\TractorBeam.cpp">
      <Filter>Source Files</Filter>
    </ClCompile>
    <ClCompile Include="shared\network\minilzo.c">
      <Filter>Source Files</Filter>
    </ClCompile>
    <ClCompile Include="shared\network\Network.cpp">
      <Filter>Source Files</Filter>
    </ClCompile>
    <ClCompile Include="shared\network\Sendable.cpp">
      <Filter>Source Files</Filter>
    </ClCompile>
    <ClCompile Include="shared\CollisionGEvent.cpp">
      <Filter>Source Files</Filter>
    </ClCompile>
    <ClCompile Include="shared\ConfigSettings.cpp">
      <Filter>Source Files</Filter>
    </ClCompile>
    <ClCompile Include="shared\GameInput.cpp">
      <Filter>Source Files</Filter>
    </ClCompile>
    <ClCompile Include="shared\GEvent.cpp">
      <Filter>Source Files</Filter>
    </ClCompile>
    <ClCompile Include="shared\KeyboardController.cpp">
      <Filter>Source Files</Filter>
    </ClCompile>
    <ClCompile Include="shared\XBoxController.cpp">
      <Filter>Source Files</Filter>
    </ClCompile>
  </ItemGroup>
  <ItemGroup>
    <ClInclude Include="server\game\Boundary.h">
      <Filter>Header Files</Filter>
    </ClInclude>
    <ClInclude Include="server\game\Collision.h">
      <Filter>Header Files</Filter>
    </ClInclude>
    <ClInclude Include="server\game\Mine.h">
      <Filter>Header Files</Filter>
    </ClInclude>
    <ClInclude Include="server\game\MSCollision.h">
      <Filter>Header Files</Filter>
    </ClInclude>
    <ClInclude Include="server\game\PhysicsWorld.h">
      <Filter>Header Files</Filter>
    </ClInclude>
    <ClInclude Include="server\game\PowerupSource.h">
      <Filter>Header Files</Filter>
    </ClInclude>
    <ClInclude Include="server\game\PPCollision.h">
      <Filter>Header Files</Filter>
    </ClInclude>
    <ClInclude Include="server\game\RMCollision.h">
      <Filter>Header Files</Filter>
    </ClInclude>
    <ClInclude Include="server\game\RRCollision.h">
      <Filter>Header Files</Filter>
    </ClInclude>
    <ClInclude Include="server\game\S_Asteroid.h">
      <Filter>Header Files</Filter>
    </ClInclude>
    <ClInclude Include="server\game\S_Extractor.h">
      <Filter>Header Files</Filter>
    </ClInclude>
    <ClInclude Include="server\game\S_Mothership.h">
      <Filter>Header Files</Filter>
    </ClInclude>
    <ClInclude Include="server\game\S_Powerup.h">
      <Filter>Header Files</Filter>
    </ClInclude>
    <ClInclude Include="server\game\S_Resource.h">
      <Filter>Header Files</Filter>
    </ClInclude>
    <ClInclude Include="server\game\S_Ship.h">
      <Filter>Header Files</Filter>
    </ClInclude>
    <ClInclude Include="server\game\S_TractorBeam.h">
      <Filter>Header Files</Filter>
    </ClInclude>
    <ClInclude Include="server\game\SACollision.h">
      <Filter>Header Files</Filter>
    </ClInclude>
    <ClInclude Include="server\game\SECollision.h">
      <Filter>Header Files</Filter>
    </ClInclude>
    <ClInclude Include="server\game\ServerEntity.h">
      <Filter>Header Files</Filter>
    </ClInclude>
    <ClInclude Include="server\game\SPCollision.h">
      <Filter>Header Files</Filter>
    </ClInclude>
    <ClInclude Include="server\game\SRCollision.h">
      <Filter>Header Files</Filter>
    </ClInclude>
    <ClInclude Include="server\game\SSCollision.h">
      <Filter>Header Files</Filter>
    </ClInclude>
    <ClInclude Include="server\game\TCollision.h">
      <Filter>Header Files</Filter>
    </ClInclude>
    <ClInclude Include="server\network\NetworkServer.h">
      <Filter>Header Files</Filter>
    </ClInclude>
    <ClInclude Include="server\Globals.h">
      <Filter>Header Files</Filter>
    </ClInclude>
    <ClInclude Include="server\Server.h">
      <Filter>Header Files</Filter>
    </ClInclude>
    <ClInclude Include="shared\game\Asteroid.h">
      <Filter>Header Files</Filter>
    </ClInclude>
    <ClInclude Include="shared\game\Entity.h">
      <Filter>Header Files</Filter>
    </ClInclude>
    <ClInclude Include="shared\game\Extractor.h">
      <Filter>Header Files</Filter>
    </ClInclude>
    <ClInclude Include="shared\game\GameState.h">
      <Filter>Header Files</Filter>
    </ClInclude>
    <ClInclude Include="shared\game\Mothership.h">
      <Filter>Header Files</Filter>
    </ClInclude>
    <ClInclude Include="shared\game\Powerup.h">
      <Filter>Header Files</Filter>
    </ClInclude>
    <ClInclude Include="shared\game\Resource.h">
      <Filter>Header Files</Filter>
    </ClInclude>
    <ClInclude Include="shared\game\Ship.h">
      <Filter>Header Files</Filter>
    </ClInclude>
    <ClInclude Include="shared\game\TractorBeam.h">
      <Filter>Header Files</Filter>
    </ClInclude>
    <ClInclude Include="shared\network\lzoconf.h">
      <Filter>Header Files</Filter>
    </ClInclude>
    <ClInclude Include="shared\network\lzodefs.h">
      <Filter>Header Files</Filter>
    </ClInclude>
    <ClInclude Include="shared\network\minilzo.h">
      <Filter>Header Files</Filter>
    </ClInclude>
    <ClInclude Include="shared\network\Network.h">
      <Filter>Header Files</Filter>
    </ClInclude>
    <ClInclude Include="shared\network\Sendable.h">
      <Filter>Header Files</Filter>
    </ClInclude>
    <ClInclude Include="shared\util\SharedUtils.h">
      <Filter>Header Files</Filter>
    </ClInclude>
    <ClInclude Include="shared\CollisionGEvent.h">
      <Filter>Header Files</Filter>
    </ClInclude>
    <ClInclude Include="shared\ConfigSettings.h">
      <Filter>Header Files</Filter>
    </ClInclude>
    <ClInclude Include="shared\Controller.h">
      <Filter>Header Files</Filter>
    </ClInclude>
    <ClInclude Include="shared\GameInput.h">
      <Filter>Header Files</Filter>
    </ClInclude>
    <ClInclude Include="shared\GEvent.h">
      <Filter>Header Files</Filter>
    </ClInclude>
    <ClInclude Include="shared\InputState.h">
      <Filter>Header Files</Filter>
    </ClInclude>
    <ClInclude Include="shared\KeyboardController.h">
      <Filter>Header Files</Filter>
    </ClInclude>
    <ClInclude Include="shared\XBoxController.h">
      <Filter>Header Files</Filter>
    </ClInclude>
  </ItemGroup>
</Project>